
Microsoft Visual Studio Solution File, Format Version 12.00
# Visual Studio 2015
Project("{FAE04EC0-301F-11D3-BF4B-00C04F79EFBC}") = "99.CSharp.Plugins", "99.CSharp.Plugins.csproj", "{F90104B3-304B-B969-6A8B-87B59C167487}"
EndProject
Project("{FAE04EC0-301F-11D3-BF4B-00C04F79EFBC}") = "99.CSharp", "99.CSharp.csproj", "{6D8813CB-2A0C-CB1F-2BCB-3A9897CBB6D7}"
EndProject
Project("{FAE04EC0-301F-11D3-BF4B-00C04F79EFBC}") = "99.CSharp.Editor", "99.CSharp.Editor.csproj", "{5A7F55D9-FADD-E31D-EB37-643FE5CFEA1E}"
EndProject
Global
	GlobalSection(SolutionConfigurationPlatforms) = preSolution
		Debug|Any CPU = Debug|Any CPU
		Release|Any CPU = Release|Any CPU
	EndGlobalSection
	GlobalSection(ProjectConfigurationPlatforms) = postSolution
		{F90104B3-304B-B969-6A8B-87B59C167487}.Debug|Any CPU.ActiveCfg = Debug|Any CPU
		{F90104B3-304B-B969-6A8B-87B59C167487}.Debug|Any CPU.Build.0 = Debug|Any CPU
		{F90104B3-304B-B969-6A8B-87B59C167487}.Release|Any CPU.ActiveCfg = Release|Any CPU
		{F90104B3-304B-B969-6A8B-87B59C167487}.Release|Any CPU.Build.0 = Release|Any CPU
		{6D8813CB-2A0C-CB1F-2BCB-3A9897CBB6D7}.Debug|Any CPU.ActiveCfg = Debug|Any CPU
		{6D8813CB-2A0C-CB1F-2BCB-3A9897CBB6D7}.Debug|Any CPU.Build.0 = Debug|Any CPU
		{6D8813CB-2A0C-CB1F-2BCB-3A9897CBB6D7}.Release|Any CPU.ActiveCfg = Release|Any CPU
		{6D8813CB-2A0C-CB1F-2BCB-3A9897CBB6D7}.Release|Any CPU.Build.0 = Release|Any CPU
		{5A7F55D9-FADD-E31D-EB37-643FE5CFEA1E}.Debug|Any CPU.ActiveCfg = Debug|Any CPU
		{5A7F55D9-FADD-E31D-EB37-643FE5CFEA1E}.Debug|Any CPU.Build.0 = Debug|Any CPU
		{5A7F55D9-FADD-E31D-EB37-643FE5CFEA1E}.Release|Any CPU.ActiveCfg = Release|Any CPU
		{5A7F55D9-FADD-E31D-EB37-643FE5CFEA1E}.Release|Any CPU.Build.0 = Release|Any CPU
	EndGlobalSection
	GlobalSection(SolutionProperties) = preSolution
		HideSolutionNode = FALSE
	EndGlobalSection
EndGlobal
